
Microsoft Visual Studio Solution File, Format Version 12.00
# Visual Studio Version 16
VisualStudioVersion = 16.0.29926.136
MinimumVisualStudioVersion = 10.0.40219.1
Project("{FAE04EC0-301F-11D3-BF4B-00C04F79EFBC}") = "WebApp", "WebApp.csproj", "{09505526-1165-4B4D-A552-35458469C498}"
EndProject
Global
	GlobalSection(SolutionConfigurationPlatforms) = preSolution
		Debug|Any CPU = Debug|Any CPU
		Release|Any CPU = Release|Any CPU
	EndGlobalSection
	GlobalSection(ProjectConfigurationPlatforms) = postSolution
		{09505526-1165-4B4D-A552-35458469C498}.Debug|Any CPU.ActiveCfg = Debug|Any CPU
		{09505526-1165-4B4D-A552-35458469C498}.Debug|Any CPU.Build.0 = Debug|Any CPU
		{09505526-1165-4B4D-A552-35458469C498}.Release|Any CPU.ActiveCfg = Release|Any CPU
		{09505526-1165-4B4D-A552-35458469C498}.Release|Any CPU.Build.0 = Release|Any CPU
	EndGlobalSection
	GlobalSection(SolutionProperties) = preSolution
		HideSolutionNode = FALSE
	EndGlobalSection
	GlobalSection(ExtensibilityGlobals) = postSolution
		SolutionGuid = {445842E5-B9C4-4A15-A935-32430FDBC65D}
	EndGlobalSection
EndGlobal
